github.com/colinc86/parallel v0.0.0-20190819010334-e966566fd79f h1:nQf+IH06UeW1YFHziByrIlwlglXQe/1szW2KLDGYtrk=
github.com/colinc86/parallel v0.0.0-20190819010334-e966566fd79f/go.mod h1:qcKBth74moOcP1wh6rQEVXytfhKYnmP+Y4kr/bdwPq4=
github.com/colinc86/probes v0.0.0-20190819005717-d42ce1160ad9/go.mod h1:YQ1kh+BH1DzcGpwLbHQVmZ7CKnNsxUWek8ROkyDrhlE=
github.com/colinc86/probes v0.0.0-20190819010323-c46cc371187c h1:HBZEis6NdpxEZ2IhHaMZVVFsV0BEDqM0hjuDNM7Bl4k=
github.com/colinc86/probes v0.0.0-20190819010323-c46cc371187c/go.mod h1:YQ1kh+BH1DzcGpwLbHQVmZ7CKnNsxUWek8ROkyDrhlE=
