github.com/colinc86/parallel v0.2.1 h1:lfFsY93h0OoZ3bN1QVu0JUjcu5UgkCPlpYVwK4vpyxo=
github.com/colinc86/parallel v0.2.1/go.mod h1:+zlClaqDlCV6khxolRw9ZqBA2MyKvd8Ml1lF+QJNIDk=
github.com/colinc86/probes v0.1.2 h1:8Xv1XO1RRaRYcWbTr6MQijm6lgmErqYMInUWfSKaehE=
github.com/colinc86/probes v0.1.2/go.mod h1:YQ1kh+BH1DzcGpwLbHQVmZ7CKnNsxUWek8ROkyDrhlE=
github.com/colinc86/probes v0.1.3 h1:3tHSi63BWeD7VnL3qQXLW4T6t9Xo3NWLRJb5PP/AmHM=
github.com/colinc86/probes v0.1.3/go.mod h1:YQ1kh+BH1DzcGpwLbHQVmZ7CKnNsxUWek8ROkyDrhlE=
